
Microsoft Visual Studio Solution File, Format Version 12.00
# Visual Studio Version 16
VisualStudioVersion = 16.0.31313.79
MinimumVisualStudioVersion = 10.0.40219.1
Project("{FAE04EC0-301F-11D3-BF4B-00C04F79EFBC}") = "SalesWebMvc", "SalesWebMvc\SalesWebMvc.csproj", "{558A9C1D-F041-4485-95CD-3D1F1721FDFB}"
EndProject
Global
	GlobalSection(SolutionConfigurationPlatforms) = preSolution
		Debug|Any CPU = Debug|Any CPU
		Release|Any CPU = Release|Any CPU
	EndGlobalSection
	GlobalSection(ProjectConfigurationPlatforms) = postSolution
		{558A9C1D-F041-4485-95CD-3D1F1721FDFB}.Debug|Any CPU.ActiveCfg = Debug|Any CPU
		{558A9C1D-F041-4485-95CD-3D1F1721FDFB}.Debug|Any CPU.Build.0 = Debug|Any CPU
		{558A9C1D-F041-4485-95CD-3D1F1721FDFB}.Release|Any CPU.ActiveCfg = Release|Any CPU
		{558A9C1D-F041-4485-95CD-3D1F1721FDFB}.Release|Any CPU.Build.0 = Release|Any CPU
	EndGlobalSection
	GlobalSection(SolutionProperties) = preSolution
		HideSolutionNode = FALSE
	EndGlobalSection
	GlobalSection(ExtensibilityGlobals) = postSolution
		SolutionGuid = {EC1A9CA2-00E3-4A0E-95C2-C41F95366613}
	EndGlobalSection
EndGlobal
